
Microsoft Visual Studio Solution File, Format Version 12.00
# Visual Studio Version 16
VisualStudioVersion = 16.0.30114.105
MinimumVisualStudioVersion = 10.0.40219.1
Project("{FAE04EC0-301F-11D3-BF4B-00C04F79EFBC}") = "Transposer.Library", "Transposer.Library\Transposer.Library.csproj", "{B101B28C-209D-45EB-A751-60B337F6BB1F}"
EndProject
Project("{FAE04EC0-301F-11D3-BF4B-00C04F79EFBC}") = "Transposer.ApplicationTest", "Transposer.ApplicationTest\Transposer.ApplicationTest.csproj", "{B043B5D2-A30F-4398-8317-0C9885001ACE}"
EndProject
Project("{FAE04EC0-301F-11D3-BF4B-00C04F79EFBC}") = "Transposer.Test", "Transposer.Test\Transposer.Test.csproj", "{F616EE9B-E732-4049-845A-687E82853D99}"
EndProject
Global
	GlobalSection(SolutionConfigurationPlatforms) = preSolution
		Debug|Any CPU = Debug|Any CPU
		Debug|x64 = Debug|x64
		Debug|x86 = Debug|x86
		Release|Any CPU = Release|Any CPU
		Release|x64 = Release|x64
		Release|x86 = Release|x86
	EndGlobalSection
	GlobalSection(ProjectConfigurationPlatforms) = postSolution
		{B101B28C-209D-45EB-A751-60B337F6BB1F}.Debug|Any CPU.ActiveCfg = Debug|Any CPU
		{B101B28C-209D-45EB-A751-60B337F6BB1F}.Debug|Any CPU.Build.0 = Debug|Any CPU
		{B101B28C-209D-45EB-A751-60B337F6BB1F}.Debug|x64.ActiveCfg = Debug|Any CPU
		{B101B28C-209D-45EB-A751-60B337F6BB1F}.Debug|x64.Build.0 = Debug|Any CPU
		{B101B28C-209D-45EB-A751-60B337F6BB1F}.Debug|x86.ActiveCfg = Debug|Any CPU
		{B101B28C-209D-45EB-A751-60B337F6BB1F}.Debug|x86.Build.0 = Debug|Any CPU
		{B101B28C-209D-45EB-A751-60B337F6BB1F}.Release|Any CPU.ActiveCfg = Release|Any CPU
		{B101B28C-209D-45EB-A751-60B337F6BB1F}.Release|Any CPU.Build.0 = Release|Any CPU
		{B101B28C-209D-45EB-A751-60B337F6BB1F}.Release|x64.ActiveCfg = Release|Any CPU
		{B101B28C-209D-45EB-A751-60B337F6BB1F}.Release|x64.Build.0 = Release|Any CPU
		{B101B28C-209D-45EB-A751-60B337F6BB1F}.Release|x86.ActiveCfg = Release|Any CPU
		{B101B28C-209D-45EB-A751-60B337F6BB1F}.Release|x86.Build.0 = Release|Any CPU
		{B043B5D2-A30F-4398-8317-0C9885001ACE}.Debug|Any CPU.ActiveCfg = Debug|Any CPU
		{B043B5D2-A30F-4398-8317-0C9885001ACE}.Debug|Any CPU.Build.0 = Debug|Any CPU
		{B043B5D2-A30F-4398-8317-0C9885001ACE}.Debug|x64.ActiveCfg = Debug|Any CPU
		{B043B5D2-A30F-4398-8317-0C9885001ACE}.Debug|x64.Build.0 = Debug|Any CPU
		{B043B5D2-A30F-4398-8317-0C9885001ACE}.Debug|x86.ActiveCfg = Debug|Any CPU
		{B043B5D2-A30F-4398-8317-0C9885001ACE}.Debug|x86.Build.0 = Debug|Any CPU
		{B043B5D2-A30F-4398-8317-0C9885001ACE}.Release|Any CPU.ActiveCfg = Release|Any CPU
		{B043B5D2-A30F-4398-8317-0C9885001ACE}.Release|Any CPU.Build.0 = Release|Any CPU
		{B043B5D2-A30F-4398-8317-0C9885001ACE}.Release|x64.ActiveCfg = Release|Any CPU
		{B043B5D2-A30F-4398-8317-0C9885001ACE}.Release|x64.Build.0 = Release|Any CPU
		{B043B5D2-A30F-4398-8317-0C9885001ACE}.Release|x86.ActiveCfg = Release|Any CPU
		{B043B5D2-A30F-4398-8317-0C9885001ACE}.Release|x86.Build.0 = Release|Any CPU
		{F616EE9B-E732-4049-845A-687E82853D99}.Debug|Any CPU.ActiveCfg = Debug|Any CPU
		{F616EE9B-E732-4049-845A-687E82853D99}.Debug|Any CPU.Build.0 = Debug|Any CPU
		{F616EE9B-E732-4049-845A-687E82853D99}.Debug|x64.ActiveCfg = Debug|Any CPU
		{F616EE9B-E732-4049-845A-687E82853D99}.Debug|x64.Build.0 = Debug|Any CPU
		{F616EE9B-E732-4049-845A-687E82853D99}.Debug|x86.ActiveCfg = Debug|Any CPU
		{F616EE9B-E732-4049-845A-687E82853D99}.Debug|x86.Build.0 = Debug|Any CPU
		{F616EE9B-E732-4049-845A-687E82853D99}.Release|Any CPU.ActiveCfg = Release|Any CPU
		{F616EE9B-E732-4049-845A-687E82853D99}.Release|Any CPU.Build.0 = Release|Any CPU
		{F616EE9B-E732-4049-845A-687E82853D99}.Release|x64.ActiveCfg = Release|Any CPU
		{F616EE9B-E732-4049-845A-687E82853D99}.Release|x64.Build.0 = Release|Any CPU
		{F616EE9B-E732-4049-845A-687E82853D99}.Release|x86.ActiveCfg = Release|Any CPU
		{F616EE9B-E732-4049-845A-687E82853D99}.Release|x86.Build.0 = Release|Any CPU
	EndGlobalSection
	GlobalSection(SolutionProperties) = preSolution
		HideSolutionNode = FALSE
	EndGlobalSection
	GlobalSection(ExtensibilityGlobals) = postSolution
		SolutionGuid = {AE1F562E-CF63-4E6C-B612-364C44A3B7D5}
	EndGlobalSection
EndGlobal
